// !$*UTF8*$!
{
	archiveVersion = 1;
	classes = {
	};
	objectVersion = 56;
	objects = {

/* Begin PBXBuildFile section */
		F7CC7B372B977F84004186F1 /* AppDelegate.swift in Sources */ = {isa = PBXBuildFile; fileRef = F7CC7B362B977F84004186F1 /* AppDelegate.swift */; };
		F7CC7B392B977F84004186F1 /* SceneDelegate.swift in Sources */ = {isa = PBXBuildFile; fileRef = F7CC7B382B977F84004186F1 /* SceneDelegate.swift */; };
		F7CC7B3B2B977F84004186F1 /* CharactersListViewController.swift in Sources */ = {isa = PBXBuildFile; fileRef = F7CC7B3A2B977F84004186F1 /* CharactersListViewController.swift */; };
		F7CC7B3E2B977F84004186F1 /* Main.storyboard in Resources */ = {isa = PBXBuildFile; fileRef = F7CC7B3C2B977F84004186F1 /* Main.storyboard */; };
		F7CC7B402B977F86004186F1 /* Assets.xcassets in Resources */ = {isa = PBXBuildFile; fileRef = F7CC7B3F2B977F86004186F1 /* Assets.xcassets */; };
		F7CC7B432B977F86004186F1 /* LaunchScreen.storyboard in Resources */ = {isa = PBXBuildFile; fileRef = F7CC7B412B977F86004186F1 /* LaunchScreen.storyboard */; };
		F7CC7B4E2B9780C3004186F1 /* APIClient.swift in Sources */ = {isa = PBXBuildFile; fileRef = F7CC7B4D2B9780C3004186F1 /* APIClient.swift */; };
		F7CC7B502B978171004186F1 /* CharacterModelResponse.swift in Sources */ = {isa = PBXBuildFile; fileRef = F7CC7B4F2B978171004186F1 /* CharacterModelResponse.swift */; };
		F7CC7B522B97818B004186F1 /* CharacterModel.swift in Sources */ = {isa = PBXBuildFile; fileRef = F7CC7B512B97818B004186F1 /* CharacterModel.swift */; };
		F7CC7B542B9782CA004186F1 /* CharactersListView.swift in Sources */ = {isa = PBXBuildFile; fileRef = F7CC7B532B9782CA004186F1 /* CharactersListView.swift */; };
		F7CC7B562B9785CD004186F1 /* CharacterListCellView.swift in Sources */ = {isa = PBXBuildFile; fileRef = F7CC7B552B9785CD004186F1 /* CharacterListCellView.swift */; };
		F7CC7B582B978CCA004186F1 /* ListOfCharactersTableViewDataSource.swift in Sources */ = {isa = PBXBuildFile; fileRef = F7CC7B572B978CCA004186F1 /* ListOfCharactersTableViewDataSource.swift */; };
		F7CC7B5B2B979083004186F1 /* Kingfisher in Frameworks */ = {isa = PBXBuildFile; productRef = F7CC7B5A2B979083004186F1 /* Kingfisher */; };
		F7CC7B5D2B979121004186F1 /* ListOfCharactersTableViewDelegate.swift in Sources */ = {isa = PBXBuildFile; fileRef = F7CC7B5C2B979121004186F1 /* ListOfCharactersTableViewDelegate.swift */; };
		F7CC7B642B979210004186F1 /* CharacterDetailView.swift in Sources */ = {isa = PBXBuildFile; fileRef = F7CC7B632B979210004186F1 /* CharacterDetailView.swift */; };
		F7CC7B662B9792F0004186F1 /* CharacterDetailViewController.swift in Sources */ = {isa = PBXBuildFile; fileRef = F7CC7B652B9792F0004186F1 /* CharacterDetailViewController.swift */; };
		F7CC7B692B9798E6004186F1 /* Coordinator.swift in Sources */ = {isa = PBXBuildFile; fileRef = F7CC7B682B9798E6004186F1 /* Coordinator.swift */; };
		F7CC7B6B2B97A2EC004186F1 /* MainCoordinator.swift in Sources */ = {isa = PBXBuildFile; fileRef = F7CC7B6A2B97A2EC004186F1 /* MainCoordinator.swift */; };
		F7CC7B6D2B97A498004186F1 /* CharacterDetailPushCoordinator.swift in Sources */ = {isa = PBXBuildFile; fileRef = F7CC7B6C2B97A498004186F1 /* CharacterDetailPushCoordinator.swift */; };
		F7CC7B6F2B97A5FD004186F1 /* CharacterDetailModalCoordinator.swift in Sources */ = {isa = PBXBuildFile; fileRef = F7CC7B6E2B97A5FD004186F1 /* CharacterDetailModalCoordinator.swift */; };
		F7CC7B722B97AA1C004186F1 /* ListOfMoviesView.swift in Sources */ = {isa = PBXBuildFile; fileRef = F7CC7B712B97AA1C004186F1 /* ListOfMoviesView.swift */; };
		F7CC7B742B97AA31004186F1 /* ListOfMoviesPresenter.swift in Sources */ = {isa = PBXBuildFile; fileRef = F7CC7B732B97AA31004186F1 /* ListOfMoviesPresenter.swift */; };
		F7CC7B762B97AA3A004186F1 /* ListOfMoviesInteractor.swift in Sources */ = {isa = PBXBuildFile; fileRef = F7CC7B752B97AA3A004186F1 /* ListOfMoviesInteractor.swift */; };
		F7CC7B782B97AA46004186F1 /* ListOfMoviesRouter.swift in Sources */ = {isa = PBXBuildFile; fileRef = F7CC7B772B97AA46004186F1 /* ListOfMoviesRouter.swift */; };
		F7CC7B7B2B97AD39004186F1 /* PopularMovieEntity.swift in Sources */ = {isa = PBXBuildFile; fileRef = F7CC7B7A2B97AD39004186F1 /* PopularMovieEntity.swift */; };
		F7CC7B7D2B97AED9004186F1 /* movies_popular.json in Resources */ = {isa = PBXBuildFile; fileRef = F7CC7B7C2B97AED9004186F1 /* movies_popular.json */; };
		F7CC7B7F2B97AF4B004186F1 /* PopularMovieResponseEntity.swift in Sources */ = {isa = PBXBuildFile; fileRef = F7CC7B7E2B97AF4B004186F1 /* PopularMovieResponseEntity.swift */; };
/* End PBXBuildFile section */

/* Begin PBXFileReference section */
		F7CC7B332B977F84004186F1 /* ArchitectureIOS.app */ = {isa = PBXFileReference; explicitFileType = wrapper.application; includeInIndex = 0; path = ArchitectureIOS.app; sourceTree = BUILT_PRODUCTS_DIR; };
		F7CC7B362B977F84004186F1 /* AppDelegate.swift */ = {isa = PBXFileReference; lastKnownFileType = sourcecode.swift; path = AppDelegate.swift; sourceTree = "<group>"; };
		F7CC7B382B977F84004186F1 /* SceneDelegate.swift */ = {isa = PBXFileReference; lastKnownFileType = sourcecode.swift; path = SceneDelegate.swift; sourceTree = "<group>"; };
		F7CC7B3A2B977F84004186F1 /* CharactersListViewController.swift */ = {isa = PBXFileReference; lastKnownFileType = sourcecode.swift; path = CharactersListViewController.swift; sourceTree = "<group>"; };
		F7CC7B3D2B977F84004186F1 /* Base */ = {isa = PBXFileReference; lastKnownFileType = file.storyboard; name = Base; path = Base.lproj/Main.storyboard; sourceTree = "<group>"; };
		F7CC7B3F2B977F86004186F1 /* Assets.xcassets */ = {isa = PBXFileReference; lastKnownFileType = folder.assetcatalog; path = Assets.xcassets; sourceTree = "<group>"; };
		F7CC7B422B977F86004186F1 /* Base */ = {isa = PBXFileReference; lastKnownFileType = file.storyboard; name = Base; path = Base.lproj/LaunchScreen.storyboard; sourceTree = "<group>"; };
		F7CC7B442B977F86004186F1 /* Info.plist */ = {isa = PBXFileReference; lastKnownFileType = text.plist.xml; path = Info.plist; sourceTree = "<group>"; };
		F7CC7B4D2B9780C3004186F1 /* APIClient.swift */ = {isa = PBXFileReference; lastKnownFileType = sourcecode.swift; path = APIClient.swift; sourceTree = "<group>"; };
		F7CC7B4F2B978171004186F1 /* CharacterModelResponse.swift */ = {isa = PBXFileReference; lastKnownFileType = sourcecode.swift; path = CharacterModelResponse.swift; sourceTree = "<group>"; };
		F7CC7B512B97818B004186F1 /* CharacterModel.swift */ = {isa = PBXFileReference; lastKnownFileType = sourcecode.swift; path = CharacterModel.swift; sourceTree = "<group>"; };
		F7CC7B532B9782CA004186F1 /* CharactersListView.swift */ = {isa = PBXFileReference; lastKnownFileType = sourcecode.swift; path = CharactersListView.swift; sourceTree = "<group>"; };
		F7CC7B552B9785CD004186F1 /* CharacterListCellView.swift */ = {isa = PBXFileReference; lastKnownFileType = sourcecode.swift; path = CharacterListCellView.swift; sourceTree = "<group>"; };
		F7CC7B572B978CCA004186F1 /* ListOfCharactersTableViewDataSource.swift */ = {isa = PBXFileReference; lastKnownFileType = sourcecode.swift; path = ListOfCharactersTableViewDataSource.swift; sourceTree = "<group>"; };
		F7CC7B5C2B979121004186F1 /* ListOfCharactersTableViewDelegate.swift */ = {isa = PBXFileReference; lastKnownFileType = sourcecode.swift; path = ListOfCharactersTableViewDelegate.swift; sourceTree = "<group>"; };
		F7CC7B632B979210004186F1 /* CharacterDetailView.swift */ = {isa = PBXFileReference; lastKnownFileType = sourcecode.swift; path = CharacterDetailView.swift; sourceTree = "<group>"; };
		F7CC7B652B9792F0004186F1 /* CharacterDetailViewController.swift */ = {isa = PBXFileReference; lastKnownFileType = sourcecode.swift; path = CharacterDetailViewController.swift; sourceTree = "<group>"; };
		F7CC7B682B9798E6004186F1 /* Coordinator.swift */ = {isa = PBXFileReference; lastKnownFileType = sourcecode.swift; path = Coordinator.swift; sourceTree = "<group>"; };
		F7CC7B6A2B97A2EC004186F1 /* MainCoordinator.swift */ = {isa = PBXFileReference; lastKnownFileType = sourcecode.swift; path = MainCoordinator.swift; sourceTree = "<group>"; };
		F7CC7B6C2B97A498004186F1 /* CharacterDetailPushCoordinator.swift */ = {isa = PBXFileReference; lastKnownFileType = sourcecode.swift; path = CharacterDetailPushCoordinator.swift; sourceTree = "<group>"; };
		F7CC7B6E2B97A5FD004186F1 /* CharacterDetailModalCoordinator.swift */ = {isa = PBXFileReference; lastKnownFileType = sourcecode.swift; path = CharacterDetailModalCoordinator.swift; sourceTree = "<group>"; };
		F7CC7B712B97AA1C004186F1 /* ListOfMoviesView.swift */ = {isa = PBXFileReference; lastKnownFileType = sourcecode.swift; path = ListOfMoviesView.swift; sourceTree = "<group>"; };
		F7CC7B732B97AA31004186F1 /* ListOfMoviesPresenter.swift */ = {isa = PBXFileReference; lastKnownFileType = sourcecode.swift; path = ListOfMoviesPresenter.swift; sourceTree = "<group>"; };
		F7CC7B752B97AA3A004186F1 /* ListOfMoviesInteractor.swift */ = {isa = PBXFileReference; lastKnownFileType = sourcecode.swift; path = ListOfMoviesInteractor.swift; sourceTree = "<group>"; };
		F7CC7B772B97AA46004186F1 /* ListOfMoviesRouter.swift */ = {isa = PBXFileReference; lastKnownFileType = sourcecode.swift; path = ListOfMoviesRouter.swift; sourceTree = "<group>"; };
		F7CC7B7A2B97AD39004186F1 /* PopularMovieEntity.swift */ = {isa = PBXFileReference; lastKnownFileType = sourcecode.swift; path = PopularMovieEntity.swift; sourceTree = "<group>"; };
		F7CC7B7C2B97AED9004186F1 /* movies_popular.json */ = {isa = PBXFileReference; lastKnownFileType = text.json; path = movies_popular.json; sourceTree = "<group>"; };
		F7CC7B7E2B97AF4B004186F1 /* PopularMovieResponseEntity.swift */ = {isa = PBXFileReference; lastKnownFileType = sourcecode.swift; path = PopularMovieResponseEntity.swift; sourceTree = "<group>"; };
/* End PBXFileReference section */

/* Begin PBXFrameworksBuildPhase section */
		F7CC7B302B977F84004186F1 /* Frameworks */ = {
			isa = PBXFrameworksBuildPhase;
			buildActionMask = 2147483647;
			files = (
				F7CC7B5B2B979083004186F1 /* Kingfisher in Frameworks */,
			);
			runOnlyForDeploymentPostprocessing = 0;
		};
/* End PBXFrameworksBuildPhase section */

/* Begin PBXGroup section */
		F7CC7B2A2B977F84004186F1 = {
			isa = PBXGroup;
			children = (
				F7CC7B7C2B97AED9004186F1 /* movies_popular.json */,
				F7CC7B352B977F84004186F1 /* ArchitectureIOS */,
				F7CC7B342B977F84004186F1 /* Products */,
			);
			sourceTree = "<group>";
		};
		F7CC7B342B977F84004186F1 /* Products */ = {
			isa = PBXGroup;
			children = (
				F7CC7B332B977F84004186F1 /* ArchitectureIOS.app */,
			);
			name = Products;
			sourceTree = "<group>";
		};
		F7CC7B352B977F84004186F1 /* ArchitectureIOS */ = {
			isa = PBXGroup;
			children = (
				F7CC7B702B97AA00004186F1 /* ListOfMovies */,
				F7CC7B672B9798D7004186F1 /* Coordinator */,
				F7CC7B5F2B9791D9004186F1 /* CharacterDetail */,
				F7CC7B5E2B97919F004186F1 /* ListOfCharacters */,
				F7CC7B362B977F84004186F1 /* AppDelegate.swift */,
				F7CC7B382B977F84004186F1 /* SceneDelegate.swift */,
				F7CC7B3F2B977F86004186F1 /* Assets.xcassets */,
				F7CC7B412B977F86004186F1 /* LaunchScreen.storyboard */,
				F7CC7B442B977F86004186F1 /* Info.plist */,
			);
			path = ArchitectureIOS;
			sourceTree = "<group>";
		};
		F7CC7B4A2B97807E004186F1 /* Model */ = {
			isa = PBXGroup;
			children = (
				F7CC7B4D2B9780C3004186F1 /* APIClient.swift */,
				F7CC7B4F2B978171004186F1 /* CharacterModelResponse.swift */,
				F7CC7B512B97818B004186F1 /* CharacterModel.swift */,
			);
			path = Model;
			sourceTree = "<group>";
		};
		F7CC7B4B2B978085004186F1 /* View */ = {
			isa = PBXGroup;
			children = (
				F7CC7B532B9782CA004186F1 /* CharactersListView.swift */,
				F7CC7B552B9785CD004186F1 /* CharacterListCellView.swift */,
				F7CC7B3C2B977F84004186F1 /* Main.storyboard */,
			);
			path = View;
			sourceTree = "<group>";
		};
		F7CC7B4C2B97808A004186F1 /* Controller */ = {
			isa = PBXGroup;
			children = (
				F7CC7B3A2B977F84004186F1 /* CharactersListViewController.swift */,
				F7CC7B572B978CCA004186F1 /* ListOfCharactersTableViewDataSource.swift */,
				F7CC7B5C2B979121004186F1 /* ListOfCharactersTableViewDelegate.swift */,
			);
			path = Controller;
			sourceTree = "<group>";
		};
		F7CC7B5E2B97919F004186F1 /* ListOfCharacters */ = {
			isa = PBXGroup;
			children = (
				F7CC7B4A2B97807E004186F1 /* Model */,
				F7CC7B4B2B978085004186F1 /* View */,
				F7CC7B4C2B97808A004186F1 /* Controller */,
			);
			path = ListOfCharacters;
			sourceTree = "<group>";
		};
		F7CC7B5F2B9791D9004186F1 /* CharacterDetail */ = {
			isa = PBXGroup;
			children = (
				F7CC7B622B9791F7004186F1 /* Controller */,
				F7CC7B612B9791F0004186F1 /* View */,
				F7CC7B602B9791EB004186F1 /* Model */,
			);
			path = CharacterDetail;
			sourceTree = "<group>";
		};
		F7CC7B602B9791EB004186F1 /* Model */ = {
			isa = PBXGroup;
			children = (
			);
			path = Model;
			sourceTree = "<group>";
		};
		F7CC7B612B9791F0004186F1 /* View */ = {
			isa = PBXGroup;
			children = (
				F7CC7B632B979210004186F1 /* CharacterDetailView.swift */,
			);
			path = View;
			sourceTree = "<group>";
		};
		F7CC7B622B9791F7004186F1 /* Controller */ = {
			isa = PBXGroup;
			children = (
				F7CC7B652B9792F0004186F1 /* CharacterDetailViewController.swift */,
			);
			path = Controller;
			sourceTree = "<group>";
		};
		F7CC7B672B9798D7004186F1 /* Coordinator */ = {
			isa = PBXGroup;
			children = (
				F7CC7B682B9798E6004186F1 /* Coordinator.swift */,
				F7CC7B6A2B97A2EC004186F1 /* MainCoordinator.swift */,
				F7CC7B6C2B97A498004186F1 /* CharacterDetailPushCoordinator.swift */,
				F7CC7B6E2B97A5FD004186F1 /* CharacterDetailModalCoordinator.swift */,
			);
			path = Coordinator;
			sourceTree = "<group>";
		};
		F7CC7B702B97AA00004186F1 /* ListOfMovies */ = {
			isa = PBXGroup;
			children = (
				F7CC7B792B97AA4F004186F1 /* Entities */,
				F7CC7B712B97AA1C004186F1 /* ListOfMoviesView.swift */,
				F7CC7B732B97AA31004186F1 /* ListOfMoviesPresenter.swift */,
				F7CC7B752B97AA3A004186F1 /* ListOfMoviesInteractor.swift */,
				F7CC7B772B97AA46004186F1 /* ListOfMoviesRouter.swift */,
			);
			path = ListOfMovies;
			sourceTree = "<group>";
		};
		F7CC7B792B97AA4F004186F1 /* Entities */ = {
			isa = PBXGroup;
			children = (
				F7CC7B7A2B97AD39004186F1 /* PopularMovieEntity.swift */,
				F7CC7B7E2B97AF4B004186F1 /* PopularMovieResponseEntity.swift */,
			);
			path = Entities;
			sourceTree = "<group>";
		};
/* End PBXGroup section */

/* Begin PBXNativeTarget section */
		F7CC7B322B977F84004186F1 /* ArchitectureIOS */ = {
			isa = PBXNativeTarget;
			buildConfigurationList = F7CC7B472B977F86004186F1 /* Build configuration list for PBXNativeTarget "ArchitectureIOS" */;
			buildPhases = (
				F7CC7B2F2B977F84004186F1 /* Sources */,
				F7CC7B302B977F84004186F1 /* Frameworks */,
				F7CC7B312B977F84004186F1 /* Resources */,
			);
			buildRules = (
			);
			dependencies = (
			);
			name = ArchitectureIOS;
			packageProductDependencies = (
				F7CC7B5A2B979083004186F1 /* Kingfisher */,
			);
			productName = ArchitectureIOS;
			productReference = F7CC7B332B977F84004186F1 /* ArchitectureIOS.app */;
			productType = "com.apple.product-type.application";
		};
/* End PBXNativeTarget section */

/* Begin PBXProject section */
		F7CC7B2B2B977F84004186F1 /* Project object */ = {
			isa = PBXProject;
			attributes = {
				BuildIndependentTargetsInParallel = 1;
				LastSwiftUpdateCheck = 1520;
				LastUpgradeCheck = 1520;
				TargetAttributes = {
					F7CC7B322B977F84004186F1 = {
						CreatedOnToolsVersion = 15.2;
					};
				};
			};
			buildConfigurationList = F7CC7B2E2B977F84004186F1 /* Build configuration list for PBXProject "ArchitectureIOS" */;
			compatibilityVersion = "Xcode 14.0";
			developmentRegion = en;
			hasScannedForEncodings = 0;
			knownRegions = (
				en,
				Base,
			);
			mainGroup = F7CC7B2A2B977F84004186F1;
			packageReferences = (
				F7CC7B592B979083004186F1 /* XCRemoteSwiftPackageReference "Kingfisher" */,
			);
			productRefGroup = F7CC7B342B977F84004186F1 /* Products */;
			projectDirPath = "";
			projectRoot = "";
			targets = (
				F7CC7B322B977F84004186F1 /* ArchitectureIOS */,
			);
		};
/* End PBXProject section */

/* Begin PBXResourcesBuildPhase section */
		F7CC7B312B977F84004186F1 /* Resources */ = {
			isa = PBXResourcesBuildPhase;
			buildActionMask = 2147483647;
			files = (
				F7CC7B432B977F86004186F1 /* LaunchScreen.storyboard in Resources */,
				F7CC7B402B977F86004186F1 /* Assets.xcassets in Resources */,
				F7CC7B3E2B977F84004186F1 /* Main.storyboard in Resources */,
				F7CC7B7D2B97AED9004186F1 /* movies_popular.json in Resources */,
			);
			runOnlyForDeploymentPostprocessing = 0;
		};
/* End PBXResourcesBuildPhase section */

/* Begin PBXSourcesBuildPhase section */
		F7CC7B2F2B977F84004186F1 /* Sources */ = {
			isa = PBXSourcesBuildPhase;
			buildActionMask = 2147483647;
			files = (
				F7CC7B582B978CCA004186F1 /* ListOfCharactersTableViewDataSource.swift in Sources */,
				F7CC7B6F2B97A5FD004186F1 /* CharacterDetailModalCoordinator.swift in Sources */,
				F7CC7B6B2B97A2EC004186F1 /* MainCoordinator.swift in Sources */,
				F7CC7B662B9792F0004186F1 /* CharacterDetailViewController.swift in Sources */,
				F7CC7B7F2B97AF4B004186F1 /* PopularMovieResponseEntity.swift in Sources */,
				F7CC7B762B97AA3A004186F1 /* ListOfMoviesInteractor.swift in Sources */,
				F7CC7B7B2B97AD39004186F1 /* PopularMovieEntity.swift in Sources */,
				F7CC7B692B9798E6004186F1 /* Coordinator.swift in Sources */,
				F7CC7B642B979210004186F1 /* CharacterDetailView.swift in Sources */,
				F7CC7B502B978171004186F1 /* CharacterModelResponse.swift in Sources */,
				F7CC7B782B97AA46004186F1 /* ListOfMoviesRouter.swift in Sources */,
				F7CC7B3B2B977F84004186F1 /* CharactersListViewController.swift in Sources */,
				F7CC7B722B97AA1C004186F1 /* ListOfMoviesView.swift in Sources */,
				F7CC7B562B9785CD004186F1 /* CharacterListCellView.swift in Sources */,
				F7CC7B372B977F84004186F1 /* AppDelegate.swift in Sources */,
				F7CC7B5D2B979121004186F1 /* ListOfCharactersTableViewDelegate.swift in Sources */,
				F7CC7B522B97818B004186F1 /* CharacterModel.swift in Sources */,
				F7CC7B542B9782CA004186F1 /* CharactersListView.swift in Sources */,
				F7CC7B392B977F84004186F1 /* SceneDelegate.swift in Sources */,
				F7CC7B4E2B9780C3004186F1 /* APIClient.swift in Sources */,
				F7CC7B742B97AA31004186F1 /* ListOfMoviesPresenter.swift in Sources */,
				F7CC7B6D2B97A498004186F1 /* CharacterDetailPushCoordinator.swift in Sources */,
			);
			runOnlyForDeploymentPostprocessing = 0;
		};
/* End PBXSourcesBuildPhase section */

/* Begin PBXVariantGroup section */
		F7CC7B3C2B977F84004186F1 /* Main.storyboard */ = {
			isa = PBXVariantGroup;
			children = (
				F7CC7B3D2B977F84004186F1 /* Base */,
			);
			name = Main.storyboard;
			sourceTree = "<group>";
		};
		F7CC7B412B977F86004186F1 /* LaunchScreen.storyboard */ = {
			isa = PBXVariantGroup;
			children = (
				F7CC7B422B977F86004186F1 /* Base */,
			);
			name = LaunchScreen.storyboard;
			sourceTree = "<group>";
		};
/* End PBXVariantGroup section */

/* Begin XCBuildConfiguration section */
		F7CC7B452B977F86004186F1 /* Debug */ = {
			isa = XCBuildConfiguration;
			buildSettings = {
				ALWAYS_SEARCH_USER_PATHS = NO;
				ASSETCATALOG_COMPILER_GENERATE_SWIFT_ASSET_SYMBOL_EXTENSIONS = YES;
				CLANG_ANALYZER_NONNULL = YES;
				CLANG_ANALYZER_NUMBER_OBJECT_CONVERSION = YES_AGGRESSIVE;
				CLANG_CXX_LANGUAGE_STANDARD = "gnu++20";
				CLANG_ENABLE_MODULES = YES;
				CLANG_ENABLE_OBJC_ARC = YES;
				CLANG_ENABLE_OBJC_WEAK = YES;
				CLANG_WARN_BLOCK_CAPTURE_AUTORELEASING = YES;
				CLANG_WARN_BOOL_CONVERSION = YES;
				CLANG_WARN_COMMA = YES;
				CLANG_WARN_CONSTANT_CONVERSION = YES;
				CLANG_WARN_DEPRECATED_OBJC_IMPLEMENTATIONS = YES;
				CLANG_WARN_DIRECT_OBJC_ISA_USAGE = YES_ERROR;
				CLANG_WARN_DOCUMENTATION_COMMENTS = YES;
				CLANG_WARN_EMPTY_BODY = YES;
				CLANG_WARN_ENUM_CONVERSION = YES;
				CLANG_WARN_INFINITE_RECURSION = YES;
				CLANG_WARN_INT_CONVERSION = YES;
				CLANG_WARN_NON_LITERAL_NULL_CONVERSION = YES;
				CLANG_WARN_OBJC_IMPLICIT_RETAIN_SELF = YES;
				CLANG_WARN_OBJC_LITERAL_CONVERSION = YES;
				CLANG_WARN_OBJC_ROOT_CLASS = YES_ERROR;
				CLANG_WARN_QUOTED_INCLUDE_IN_FRAMEWORK_HEADER = YES;
				CLANG_WARN_RANGE_LOOP_ANALYSIS = YES;
				CLANG_WARN_STRICT_PROTOTYPES = YES;
				CLANG_WARN_SUSPICIOUS_MOVE = YES;
				CLANG_WARN_UNGUARDED_AVAILABILITY = YES_AGGRESSIVE;
				CLANG_WARN_UNREACHABLE_CODE = YES;
				CLANG_WARN__DUPLICATE_METHOD_MATCH = YES;
				COPY_PHASE_STRIP = NO;
				DEBUG_INFORMATION_FORMAT = dwarf;
				ENABLE_STRICT_OBJC_MSGSEND = YES;
				ENABLE_TESTABILITY = YES;
				ENABLE_USER_SCRIPT_SANDBOXING = YES;
				GCC_C_LANGUAGE_STANDARD = gnu17;
				GCC_DYNAMIC_NO_PIC = NO;
				GCC_NO_COMMON_BLOCKS = YES;
				GCC_OPTIMIZATION_LEVEL = 0;
				GCC_PREPROCESSOR_DEFINITIONS = (
					"DEBUG=1",
					"$(inherited)",
				);
				GCC_WARN_64_TO_32_BIT_CONVERSION = YES;
				GCC_WARN_ABOUT_RETURN_TYPE = YES_ERROR;
				GCC_WARN_UNDECLARED_SELECTOR = YES;
				GCC_WARN_UNINITIALIZED_AUTOS = YES_AGGRESSIVE;
				GCC_WARN_UNUSED_FUNCTION = YES;
				GCC_WARN_UNUSED_VARIABLE = YES;
				IPHONEOS_DEPLOYMENT_TARGET = 17.2;
				LOCALIZATION_PREFERS_STRING_CATALOGS = YES;
				MTL_ENABLE_DEBUG_INFO = INCLUDE_SOURCE;
				MTL_FAST_MATH = YES;
				ONLY_ACTIVE_ARCH = YES;
				SDKROOT = iphoneos;
				SWIFT_ACTIVE_COMPILATION_CONDITIONS = "DEBUG $(inherited)";
				SWIFT_OPTIMIZATION_LEVEL = "-Onone";
			};
			name = Debug;
		};
		F7CC7B462B977F86004186F1 /* Release */ = {
			isa = XCBuildConfiguration;
			buildSettings = {
				ALWAYS_SEARCH_USER_PATHS = NO;
				ASSETCATALOG_COMPILER_GENERATE_SWIFT_ASSET_SYMBOL_EXTENSIONS = YES;
				CLANG_ANALYZER_NONNULL = YES;
				CLANG_ANALYZER_NUMBER_OBJECT_CONVERSION = YES_AGGRESSIVE;
				CLANG_CXX_LANGUAGE_STANDARD = "gnu++20";
				CLANG_ENABLE_MODULES = YES;
				CLANG_ENABLE_OBJC_ARC = YES;
				CLANG_ENABLE_OBJC_WEAK = YES;
				CLANG_WARN_BLOCK_CAPTURE_AUTORELEASING = YES;
				CLANG_WARN_BOOL_CONVERSION = YES;
				CLANG_WARN_COMMA = YES;
				CLANG_WARN_CONSTANT_CONVERSION = YES;
				CLANG_WARN_DEPRECATED_OBJC_IMPLEMENTATIONS = YES;
				CLANG_WARN_DIRECT_OBJC_ISA_USAGE = YES_ERROR;
				CLANG_WARN_DOCUMENTATION_COMMENTS = YES;
				CLANG_WARN_EMPTY_BODY = YES;
				CLANG_WARN_ENUM_CONVERSION = YES;
				CLANG_WARN_INFINITE_RECURSION = YES;
				CLANG_WARN_INT_CONVERSION = YES;
				CLANG_WARN_NON_LITERAL_NULL_CONVERSION = YES;
				CLANG_WARN_OBJC_IMPLICIT_RETAIN_SELF = YES;
				CLANG_WARN_OBJC_LITERAL_CONVERSION = YES;
				CLANG_WARN_OBJC_ROOT_CLASS = YES_ERROR;
				CLANG_WARN_QUOTED_INCLUDE_IN_FRAMEWORK_HEADER = YES;
				CLANG_WARN_RANGE_LOOP_ANALYSIS = YES;
				CLANG_WARN_STRICT_PROTOTYPES = YES;
				CLANG_WARN_SUSPICIOUS_MOVE = YES;
				CLANG_WARN_UNGUARDED_AVAILABILITY = YES_AGGRESSIVE;
				CLANG_WARN_UNREACHABLE_CODE = YES;
				CLANG_WARN__DUPLICATE_METHOD_MATCH = YES;
				COPY_PHASE_STRIP = NO;
				DEBUG_INFORMATION_FORMAT = "dwarf-with-dsym";
				ENABLE_NS_ASSERTIONS = NO;
				ENABLE_STRICT_OBJC_MSGSEND = YES;
				ENABLE_USER_SCRIPT_SANDBOXING = YES;
				GCC_C_LANGUAGE_STANDARD = gnu17;
				GCC_NO_COMMON_BLOCKS = YES;
				GCC_WARN_64_TO_32_BIT_CONVERSION = YES;
				GCC_WARN_ABOUT_RETURN_TYPE = YES_ERROR;
				GCC_WARN_UNDECLARED_SELECTOR = YES;
				GCC_WARN_UNINITIALIZED_AUTOS = YES_AGGRESSIVE;
				GCC_WARN_UNUSED_FUNCTION = YES;
				GCC_WARN_UNUSED_VARIABLE = YES;
				IPHONEOS_DEPLOYMENT_TARGET = 17.2;
				LOCALIZATION_PREFERS_STRING_CATALOGS = YES;
				MTL_ENABLE_DEBUG_INFO = NO;
				MTL_FAST_MATH = YES;
				SDKROOT = iphoneos;
				SWIFT_COMPILATION_MODE = wholemodule;
				VALIDATE_PRODUCT = YES;
			};
			name = Release;
		};
		F7CC7B482B977F86004186F1 /* Debug */ = {
			isa = XCBuildConfiguration;
			buildSettings = {
				ASSETCATALOG_COMPILER_APPICON_NAME = AppIcon;
				ASSETCATALOG_COMPILER_GLOBAL_ACCENT_COLOR_NAME = AccentColor;
				CODE_SIGN_STYLE = Automatic;
				CURRENT_PROJECT_VERSION = 1;
				DEVELOPMENT_TEAM = NXY2G8NXJS;
				GENERATE_INFOPLIST_FILE = YES;
				INFOPLIST_FILE = ArchitectureIOS/Info.plist;
				INFOPLIST_KEY_UIApplicationSupportsIndirectInputEvents = YES;
				INFOPLIST_KEY_UILaunchStoryboardName = LaunchScreen;
				INFOPLIST_KEY_UIMainStoryboardFile = Main;
				INFOPLIST_KEY_UISupportedInterfaceOrientations_iPad = "UIInterfaceOrientationPortrait UIInterfaceOrientationPortraitUpsideDown UIInterfaceOrientationLandscapeLeft UIInterfaceOrientationLandscapeRight";
				INFOPLIST_KEY_UISupportedInterfaceOrientations_iPhone = "UIInterfaceOrientationPortrait UIInterfaceOrientationLandscapeLeft UIInterfaceOrientationLandscapeRight";
				LD_RUNPATH_SEARCH_PATHS = (
					"$(inherited)",
					"@executable_path/Frameworks",
				);
				MARKETING_VERSION = 1.0;
				PRODUCT_BUNDLE_IDENTIFIER = raul.com.ArchitectureIOS;
				PRODUCT_NAME = "$(TARGET_NAME)";
				SWIFT_EMIT_LOC_STRINGS = YES;
				SWIFT_VERSION = 5.0;
				TARGETED_DEVICE_FAMILY = "1,2";
			};
			name = Debug;
		};
		F7CC7B492B977F86004186F1 /* Release */ = {
			isa = XCBuildConfiguration;
			buildSettings = {
				ASSETCATALOG_COMPILER_APPICON_NAME = AppIcon;
				ASSETCATALOG_COMPILER_GLOBAL_ACCENT_COLOR_NAME = AccentColor;
				CODE_SIGN_STYLE = Automatic;
				CURRENT_PROJECT_VERSION = 1;
				DEVELOPMENT_TEAM = NXY2G8NXJS;
				GENERATE_INFOPLIST_FILE = YES;
				INFOPLIST_FILE = ArchitectureIOS/Info.plist;
				INFOPLIST_KEY_UIApplicationSupportsIndirectInputEvents = YES;
				INFOPLIST_KEY_UILaunchStoryboardName = LaunchScreen;
				INFOPLIST_KEY_UIMainStoryboardFile = Main;
				INFOPLIST_KEY_UISupportedInterfaceOrientations_iPad = "UIInterfaceOrientationPortrait UIInterfaceOrientationPortraitUpsideDown UIInterfaceOrientationLandscapeLeft UIInterfaceOrientationLandscapeRight";
				INFOPLIST_KEY_UISupportedInterfaceOrientations_iPhone = "UIInterfaceOrientationPortrait UIInterfaceOrientationLandscapeLeft UIInterfaceOrientationLandscapeRight";
				LD_RUNPATH_SEARCH_PATHS = (
					"$(inherited)",
					"@executable_path/Frameworks",
				);
				MARKETING_VERSION = 1.0;
				PRODUCT_BUNDLE_IDENTIFIER = raul.com.ArchitectureIOS;
				PRODUCT_NAME = "$(TARGET_NAME)";
				SWIFT_EMIT_LOC_STRINGS = YES;
				SWIFT_VERSION = 5.0;
				TARGETED_DEVICE_FAMILY = "1,2";
			};
			name = Release;
		};
/* End XCBuildConfiguration section */

/* Begin XCConfigurationList section */
		F7CC7B2E2B977F84004186F1 /* Build configuration list for PBXProject "ArchitectureIOS" */ = {
			isa = XCConfigurationList;
			buildConfigurations = (
				F7CC7B452B977F86004186F1 /* Debug */,
				F7CC7B462B977F86004186F1 /* Release */,
			);
			defaultConfigurationIsVisible = 0;
			defaultConfigurationName = Release;
		};
		F7CC7B472B977F86004186F1 /* Build configuration list for PBXNativeTarget "ArchitectureIOS" */ = {
			isa = XCConfigurationList;
			buildConfigurations = (
				F7CC7B482B977F86004186F1 /* Debug */,
				F7CC7B492B977F86004186F1 /* Release */,
			);
			defaultConfigurationIsVisible = 0;
			defaultConfigurationName = Release;
		};
/* End XCConfigurationList section */

/* Begin XCRemoteSwiftPackageReference section */
		F7CC7B592B979083004186F1 /* XCRemoteSwiftPackageReference "Kingfisher" */ = {
			isa = XCRemoteSwiftPackageReference;
			repositoryURL = "https://github.com/onevcat/Kingfisher.git";
			requirement = {
				kind = upToNextMajorVersion;
				minimumVersion = 7.11.0;
			};
		};
/* End XCRemoteSwiftPackageReference section */

/* Begin XCSwiftPackageProductDependency section */
		F7CC7B5A2B979083004186F1 /* Kingfisher */ = {
			isa = XCSwiftPackageProductDependency;
			package = F7CC7B592B979083004186F1 /* XCRemoteSwiftPackageReference "Kingfisher" */;
			productName = Kingfisher;
		};
/* End XCSwiftPackageProductDependency section */
	};
	rootObject = F7CC7B2B2B977F84004186F1 /* Project object */;
}
